PODS:
  - FWRouter (0.1.0-rc2)
  - Nimble (7.3.0)
  - Quick (1.3.1)

DEPENDENCIES:
  - FWRouter (from `../`)
  - Nimble (= 7.3.0)
  - Quick (= 1.3.1)

SPEC REPOS:
  https://github.com/CocoaPods/Specs.git:
    - Nimble
    - Quick

EXTERNAL SOURCES:
  FWRouter:
    :path: "../"

SPEC CHECKSUMS:
  FWRouter: 911219d2b7fe156ced887dcd0eced5d27ccb9bf4
  Nimble: c8d6a1f463701921c46de965c673e13cafa09196
  Quick: d17304d58d0d169dd0bd1c6e5c28e3318de32a1a

PODFILE CHECKSUM: 8c0e961c6e00c886d98dbca59b4c1c13ecc54212

COCOAPODS: 1.5.0
